# @generated - this file is auto-generated by `mise lock` https://mise.jdx.dev/dev-tools/mise-lock.html

lockfile_version = 1

[[tools.python]]
version = "3.14.7"
backend = "core:python"
specifiers = ["3.14"]

[tools.python."platforms.linux-arm64"]
checksum = "sha256:8a0798baa8a2c27b5751d590aced543eaa85e20b3f73d93c1af049688acdc9c5"
url = "https://github.com/astral-sh/python-build-standalone/releases/download/20260901/cpython-3.14.7+20260901-aarch64-unknown-linux-gnu-install_only_stripped.tar.gz"
provenance = "github-attestations"

[tools.python."platforms.linux-arm64-musl"]
checksum = "sha256:701c31d72187242302922a29f3bc6023ceb68b6b68fb8d4ed7568d1e6ef34548"
url = "https://github.com/astral-sh/python-build-standalone/releases/download/20260901/cpython-3.14.7+20260901-aarch64-unknown-linux-musl-install_only_stripped.tar.gz"
provenance = "github-attestations"

[tools.python."platforms.linux-x64"]
checksum = "sha256:3959f92825141e04adf44982d3a83ee57af0877e893b0796e04c1468749d9b04"
url = "https://github.com/astral-sh/python-build-standalone/releases/download/20260901/cpython-3.14.7+20260901-x86_64-unknown-linux-gnu-install_only_stripped.tar.gz"
provenance = "github-attestations"

[tools.python."platforms.linux-x64-musl"]
checksum = "sha256:c773f8a7357c0d1a29e208a14bc16386731ca9c0d2e51f1b6741967fb0632cdc"
url = "https://github.com/astral-sh/python-build-standalone/releases/download/20260901/cpython-3.14.7+20260901-x86_64-unknown-linux-musl-install_only_stripped.tar.gz"
provenance = "github-attestations"

[tools.python."platforms.macos-arm64"]
checksum = "sha256:4632cb1a6edad9e73d3c81b6d2e69131637d995173e3e85005df14102b0592ba"
url = "https://github.com/astral-sh/python-build-standalone/releases/download/20260901/cpython-3.14.7+20260901-aarch64-apple-darwin-install_only_stripped.tar.gz"
provenance = "github-attestations"

[tools.python."platforms.macos-x64"]
checksum = "sha256:7e151a7c9028855b61a7d6e78381f2020a1ef185281399f3b1aafc5e1c9a1a64"
url = "https://github.com/astral-sh/python-build-standalone/releases/download/20260901/cpython-3.14.7+20260901-x86_64-apple-darwin-install_only_stripped.tar.gz"
provenance = "github-attestations"

[tools.python."platforms.windows-x64"]
checksum = "sha256:ca3c33ca924dfcab3b74205a7a58a88b0255135c53f95497b26b5e60700fd66d"
url = "https://github.com/astral-sh/python-build-standalone/releases/download/20260901/cpython-3.14.7+20260901-x86_64-pc-windows-msvc-install_only_stripped.tar.gz"
provenance = "github-attestations"

[[tools.ruff]]
version = "0.15.16"
backend = "aqua:astral-sh/ruff"
specifiers = ["latest"]

[tools.ruff."platforms.linux-arm64"]
checksum = "sha256:a39b83af7288da13c013a789af1a4f875562ba09fc8011a2825a4883cb3a97a9"
url = "https://github.com/astral-sh/ruff/releases/download/0.15.16/ruff-aarch64-unknown-linux-gnu.tar.gz"
url_api = "https://api.github.com/repos/astral-sh/ruff/releases/assets/438462174"
provenance = "github-attestations"

[tools.ruff."platforms.linux-arm64-musl"]
checksum = "sha256:3b39fc2608e12c554d42f6950a5ea131db8d8a0736c8949b3581c361f9f011d4"
url = "https://github.com/astral-sh/ruff/releases/download/0.15.16/ruff-aarch64-unknown-linux-musl.tar.gz"
url_api = "https://api.github.com/repos/astral-sh/ruff/releases/assets/438462177"
provenance = "github-attestations"

[tools.ruff."platforms.linux-x64"]
checksum = "sha256:b949a853b208b0f818a150fb06490487db585a15becaeda28483dd662939030a"
url = "https://github.com/astral-sh/ruff/releases/download/0.15.16/ruff-x86_64-unknown-linux-gnu.tar.gz"
url_api = "https://api.github.com/repos/astral-sh/ruff/releases/assets/438462241"
provenance = "github-attestations"

[tools.ruff."platforms.linux-x64-musl"]
checksum = "sha256:f52d90f8a6b1b3ad7d74301c3c796652e851d8f05b6ba26d139f05f4838cf412"
url = "https://github.com/astral-sh/ruff/releases/download/0.15.16/ruff-x86_64-unknown-linux-musl.tar.gz"
url_api = "https://api.github.com/repos/astral-sh/ruff/releases/assets/438462248"
provenance = "github-attestations"

[tools.ruff."platforms.macos-arm64"]
checksum = "sha256:9deb6c4c38c9324bfd98ea4efb40946aae99a987e7f9d1308a1291f14f6b46e2"
url = "https://github.com/astral-sh/ruff/releases/download/0.15.16/ruff-aarch64-apple-darwin.tar.gz"
url_api = "https://api.github.com/repos/astral-sh/ruff/releases/assets/438462165"
provenance = "github-attestations"

[tools.ruff."platforms.macos-x64"]
checksum = "sha256:a8a7a60182f66b5995bd16e1831cf013e89558edf52135a1b6646f155f491f98"
url = "https://github.com/astral-sh/ruff/releases/download/0.15.16/ruff-x86_64-apple-darwin.tar.gz"
url_api = "https://api.github.com/repos/astral-sh/ruff/releases/assets/438462233"
provenance = "github-attestations"

[tools.ruff."platforms.windows-x64"]
checksum = "sha256:b6c843fa84afb37af9d665a418324782ae18ea3dd1de775abfd7cf17f9431f85"
url = "https://github.com/astral-sh/ruff/releases/download/0.15.16/ruff-x86_64-pc-windows-msvc.zip"
url_api = "https://api.github.com/repos/astral-sh/ruff/releases/assets/438462237"
provenance = "github-attestations"

[[tools.uv]]
version = "0.12.12"
backend = "aqua:astral-sh/uv"
specifiers = ["0.12.12"]

[tools.uv."platforms.linux-arm64"]
checksum = "sha256:fe08db50cc1b56cd1da7801065ed1103d27ed3f9571cd122386cfc7faf1b8df5"
url = "https://github.com/astral-sh/uv/releases/download/0.12.12/uv-aarch64-unknown-linux-gnu.tar.gz"
url_api = "https://api.github.com/repos/astral-sh/uv/releases/assets/553169214"
provenance = "github-attestations"

[tools.uv."platforms.linux-arm64-musl"]
checksum = "sha256:82e59fff633cbd96fb675f37c7a748c056d909a59ecf476f8ff0e5bee76b9b23"
url = "https://github.com/astral-sh/uv/releases/download/0.12.12/uv-aarch64-unknown-linux-musl.tar.gz"
url_api = "https://api.github.com/repos/astral-sh/uv/releases/assets/553169225"
provenance = "github-attestations"

[tools.uv."platforms.linux-x64"]
checksum = "sha256:ab9b309d4586403f024e100abaceb396616e178a553e2500c36087d180f09509"
url = "https://github.com/astral-sh/uv/releases/download/0.12.12/uv-x86_64-unknown-linux-gnu.tar.gz"
url_api = "https://api.github.com/repos/astral-sh/uv/releases/assets/553169491"
provenance = "github-attestations"

[tools.uv."platforms.linux-x64-musl"]
checksum = "sha256:0b0bbd7144f91d9b694e29c920fca3a060322bd134e8507e5eb92049a3e2edf0"
url = "https://github.com/astral-sh/uv/releases/download/0.12.12/uv-x86_64-unknown-linux-musl.tar.gz"
url_api = "https://api.github.com/repos/astral-sh/uv/releases/assets/553169515"
provenance = "github-attestations"

[tools.uv."platforms.macos-arm64"]
checksum = "sha256:46740540b63fdee9a6cb2e19baf3f1f475b850c440a33e63455087a6871263f1"
url = "https://github.com/astral-sh/uv/releases/download/0.12.12/uv-aarch64-apple-darwin.tar.gz"
url_api = "https://api.github.com/repos/astral-sh/uv/releases/assets/553169165"
provenance = "github-attestations"

[tools.uv."platforms.macos-x64"]
checksum = "sha256:0dc8cd6c961582b0d140b5398f96b23502885277fb3464241456a2435e460dfa"
url = "https://github.com/astral-sh/uv/releases/download/0.12.12/uv-x86_64-apple-darwin.tar.gz"
url_api = "https://api.github.com/repos/astral-sh/uv/releases/assets/553169443"
provenance = "github-attestations"

[tools.uv."platforms.windows-x64"]
checksum = "sha256:3d54912924c36e862c14f427d04f2ed70a99e8001d1c30caa101f6d5711626d5"
url = "https://github.com/astral-sh/uv/releases/download/0.12.12/uv-x86_64-pc-windows-msvc.zip"
url_api = "https://api.github.com/repos/astral-sh/uv/releases/assets/553169472"
provenance = "github-attestations"
